
Microsoft Visual Studio Solution File, Format Version 12.00
# Visual Studio 15
VisualStudioVersion = 15.0.28307.421
MinimumVisualStudioVersion = 10.0.40219.1
Project("{9A19103F-16F7-4668-BE54-9A1E7A4F7556}") = "P02.BasicQueueOperations", "P02.BasicQueueOperations\P02.BasicQueueOperations.csproj", "{C1A5D09B-E403-41D3-8A2D-DC0608556C08}"
EndProject
Project("{9A19103F-16F7-4668-BE54-9A1E7A4F7556}") = "P01.BasicStackOperations", "P01.BasicStackOperations\P01.BasicStackOperations.csproj", "{22502FF2-73E4-4BB6-A82F-B20A8777D4DC}"
EndProject
Project("{9A19103F-16F7-4668-BE54-9A1E7A4F7556}") = "P03.MaximumMinimumElement", "P03.MaximumMinimumElement\P03.MaximumMinimumElement.csproj", "{352570AB-4FD8-4D80-AF08-2D08D1534D8F}"
EndProject
Project("{9A19103F-16F7-4668-BE54-9A1E7A4F7556}") = "P04.FastFood", "P04.FastFood\P04.FastFood.csproj", "{82176341-C54E-438A-81F2-717AABB2D874}"
EndProject
Project("{9A19103F-16F7-4668-BE54-9A1E7A4F7556}") = "P05.FashionBoutique", "P05.FashionBoutique\P05.FashionBoutique.csproj", "{8AB71528-238A-4992-925D-406C4AFAFF88}"
EndProject
Project("{9A19103F-16F7-4668-BE54-9A1E7A4F7556}") = "P06.AutoRepairAndService", "P06.AutoRepairAndService\P06.AutoRepairAndService.csproj", "{C954DC97-37E7-4818-ADB2-2B4CF27C4A6B}"
EndProject
Project("{FAE04EC0-301F-11D3-BF4B-00C04F79EFBC}") = "P07.TruckTour", "P07.TruckTour\P07.TruckTour.csproj", "{CA48A721-C509-411D-AE35-7945500913FC}"
EndProject
Project("{FAE04EC0-301F-11D3-BF4B-00C04F79EFBC}") = "P08.BalancedParenthesis", "P08.BalancedParenthesis\P08.BalancedParenthesis.csproj", "{2ED22E17-37CE-4FAA-8628-D8EC6DA645C4}"
EndProject
Project("{FAE04EC0-301F-11D3-BF4B-00C04F79EFBC}") = "P09.SimpleTextEditor", "P09.SimpleTextEditor\P09.SimpleTextEditor.csproj", "{D0D96992-9EF7-4438-9E15-20B833C835CB}"
EndProject
Project("{FAE04EC0-301F-11D3-BF4B-00C04F79EFBC}") = "P10.Crossroads", "P10.Crossroads\P10.Crossroads.csproj", "{E691EA00-A68E-43FF-B495-B98CD7B7CEDA}"
EndProject
Project("{FAE04EC0-301F-11D3-BF4B-00C04F79EFBC}") = "P11.KeyRevolver", "P11.KeyRevolver\P11.KeyRevolver.csproj", "{277E9F17-3B97-496F-A16C-226B89E9C2E3}"
EndProject
Project("{FAE04EC0-301F-11D3-BF4B-00C04F79EFBC}") = "P12.CupsAndBottles", "P12.CupsAndBottles\P12.CupsAndBottles.csproj", "{1CDCB37D-074F-456B-99A8-1ADE8351BF74}"
EndProject
Global
	GlobalSection(SolutionConfigurationPlatforms) = preSolution
		Debug|Any CPU = Debug|Any CPU
		Release|Any CPU = Release|Any CPU
	EndGlobalSection
	GlobalSection(ProjectConfigurationPlatforms) = postSolution
		{C1A5D09B-E403-41D3-8A2D-DC0608556C08}.Debug|Any CPU.ActiveCfg = Debug|Any CPU
		{C1A5D09B-E403-41D3-8A2D-DC0608556C08}.Debug|Any CPU.Build.0 = Debug|Any CPU
		{C1A5D09B-E403-41D3-8A2D-DC0608556C08}.Release|Any CPU.ActiveCfg = Release|Any CPU
		{C1A5D09B-E403-41D3-8A2D-DC0608556C08}.Release|Any CPU.Build.0 = Release|Any CPU
		{22502FF2-73E4-4BB6-A82F-B20A8777D4DC}.Debug|Any CPU.ActiveCfg = Debug|Any CPU
		{22502FF2-73E4-4BB6-A82F-B20A8777D4DC}.Debug|Any CPU.Build.0 = Debug|Any CPU
		{22502FF2-73E4-4BB6-A82F-B20A8777D4DC}.Release|Any CPU.ActiveCfg = Release|Any CPU
		{22502FF2-73E4-4BB6-A82F-B20A8777D4DC}.Release|Any CPU.Build.0 = Release|Any CPU
		{352570AB-4FD8-4D80-AF08-2D08D1534D8F}.Debug|Any CPU.ActiveCfg = Debug|Any CPU
		{352570AB-4FD8-4D80-AF08-2D08D1534D8F}.Debug|Any CPU.Build.0 = Debug|Any CPU
		{352570AB-4FD8-4D80-AF08-2D08D1534D8F}.Release|Any CPU.ActiveCfg = Release|Any CPU
		{352570AB-4FD8-4D80-AF08-2D08D1534D8F}.Release|Any CPU.Build.0 = Release|Any CPU
		{82176341-C54E-438A-81F2-717AABB2D874}.Debug|Any CPU.ActiveCfg = Debug|Any CPU
		{82176341-C54E-438A-81F2-717AABB2D874}.Debug|Any CPU.Build.0 = Debug|Any CPU
		{82176341-C54E-438A-81F2-717AABB2D874}.Release|Any CPU.ActiveCfg = Release|Any CPU
		{82176341-C54E-438A-81F2-717AABB2D874}.Release|Any CPU.Build.0 = Release|Any CPU
		{8AB71528-238A-4992-925D-406C4AFAFF88}.Debug|Any CPU.ActiveCfg = Debug|Any CPU
		{8AB71528-238A-4992-925D-406C4AFAFF88}.Debug|Any CPU.Build.0 = Debug|Any CPU
		{8AB71528-238A-4992-925D-406C4AFAFF88}.Release|Any CPU.ActiveCfg = Release|Any CPU
		{8AB71528-238A-4992-925D-406C4AFAFF88}.Release|Any CPU.Build.0 = Release|Any CPU
		{C954DC97-37E7-4818-ADB2-2B4CF27C4A6B}.Debug|Any CPU.ActiveCfg = Debug|Any CPU
		{C954DC97-37E7-4818-ADB2-2B4CF27C4A6B}.Debug|Any CPU.Build.0 = Debug|Any CPU
		{C954DC97-37E7-4818-ADB2-2B4CF27C4A6B}.Release|Any CPU.ActiveCfg = Release|Any CPU
		{C954DC97-37E7-4818-ADB2-2B4CF27C4A6B}.Release|Any CPU.Build.0 = Release|Any CPU
		{CA48A721-C509-411D-AE35-7945500913FC}.Debug|Any CPU.ActiveCfg = Debug|Any CPU
		{CA48A721-C509-411D-AE35-7945500913FC}.Debug|Any CPU.Build.0 = Debug|Any CPU
		{CA48A721-C509-411D-AE35-7945500913FC}.Release|Any CPU.ActiveCfg = Release|Any CPU
		{CA48A721-C509-411D-AE35-7945500913FC}.Release|Any CPU.Build.0 = Release|Any CPU
		{2ED22E17-37CE-4FAA-8628-D8EC6DA645C4}.Debug|Any CPU.ActiveCfg = Debug|Any CPU
		{2ED22E17-37CE-4FAA-8628-D8EC6DA645C4}.Debug|Any CPU.Build.0 = Debug|Any CPU
		{2ED22E17-37CE-4FAA-8628-D8EC6DA645C4}.Release|Any CPU.ActiveCfg = Release|Any CPU
		{2ED22E17-37CE-4FAA-8628-D8EC6DA645C4}.Release|Any CPU.Build.0 = Release|Any CPU
		{D0D96992-9EF7-4438-9E15-20B833C835CB}.Debug|Any CPU.ActiveCfg = Debug|Any CPU
		{D0D96992-9EF7-4438-9E15-20B833C835CB}.Debug|Any CPU.Build.0 = Debug|Any CPU
		{D0D96992-9EF7-4438-9E15-20B833C835CB}.Release|Any CPU.ActiveCfg = Release|Any CPU
		{D0D96992-9EF7-4438-9E15-20B833C835CB}.Release|Any CPU.Build.0 = Release|Any CPU
		{E691EA00-A68E-43FF-B495-B98CD7B7CEDA}.Debug|Any CPU.ActiveCfg = Debug|Any CPU
		{E691EA00-A68E-43FF-B495-B98CD7B7CEDA}.Debug|Any CPU.Build.0 = Debug|Any CPU
		{E691EA00-A68E-43FF-B495-B98CD7B7CEDA}.Release|Any CPU.ActiveCfg = Release|Any CPU
		{E691EA00-A68E-43FF-B495-B98CD7B7CEDA}.Release|Any CPU.Build.0 = Release|Any CPU
		{277E9F17-3B97-496F-A16C-226B89E9C2E3}.Debug|Any CPU.ActiveCfg = Debug|Any CPU
		{277E9F17-3B97-496F-A16C-226B89E9C2E3}.Debug|Any CPU.Build.0 = Debug|Any CPU
		{277E9F17-3B97-496F-A16C-226B89E9C2E3}.Release|Any CPU.ActiveCfg = Release|Any CPU
		{277E9F17-3B97-496F-A16C-226B89E9C2E3}.Release|Any CPU.Build.0 = Release|Any CPU
		{1CDCB37D-074F-456B-99A8-1ADE8351BF74}.Debug|Any CPU.ActiveCfg = Debug|Any CPU
		{1CDCB37D-074F-456B-99A8-1ADE8351BF74}.Debug|Any CPU.Build.0 = Debug|Any CPU
		{1CDCB37D-074F-456B-99A8-1ADE8351BF74}.Release|Any CPU.ActiveCfg = Release|Any CPU
		{1CDCB37D-074F-456B-99A8-1ADE8351BF74}.Release|Any CPU.Build.0 = Release|Any CPU
	EndGlobalSection
	GlobalSection(SolutionProperties) = preSolution
		HideSolutionNode = FALSE
	EndGlobalSection
	GlobalSection(ExtensibilityGlobals) = postSolution
		SolutionGuid = {A0C990B8-20AA-40E8-A1D7-B238ED92343E}
	EndGlobalSection
EndGlobal
