
Microsoft Visual Studio Solution File, Format Version 12.00
# Visual Studio Version 16
VisualStudioVersion = 16.0.29326.143
MinimumVisualStudioVersion = 10.0.40219.1
Project("{9A19103F-16F7-4668-BE54-9A1E7A4F7556}") = "P01.GenericBoxOfString", "P01.GenericBoxOfString\P01.GenericBoxOfString.csproj", "{5D8656B1-D255-4735-BBD3-7962816093E2}"
EndProject
Project("{9A19103F-16F7-4668-BE54-9A1E7A4F7556}") = "P02.GenericBoxOfInteger", "P02.GenericBoxOfInteger\P02.GenericBoxOfInteger.csproj", "{964E8642-F352-46F9-9497-B4072B18C3E8}"
EndProject
Project("{9A19103F-16F7-4668-BE54-9A1E7A4F7556}") = "P03.GenericSwapMethodString", "P03.GenericSwapMethodString\P03.GenericSwapMethodString.csproj", "{087690A7-4DC0-4BD4-8F9F-CB9F87436729}"
EndProject
Project("{9A19103F-16F7-4668-BE54-9A1E7A4F7556}") = "P04.GenericSwapMethodInteger", "P04.GenericSwapMethodInteger\P04.GenericSwapMethodInteger.csproj", "{D06A5923-78E5-49B0-88DA-F74004155E93}"
EndProject
Project("{9A19103F-16F7-4668-BE54-9A1E7A4F7556}") = "P05.GenericCountMethodString", "P05.GenericCountMethodString\P05.GenericCountMethodString.csproj", "{DBA08450-0D6F-40B4-B023-A64A729942A4}"
EndProject
Project("{9A19103F-16F7-4668-BE54-9A1E7A4F7556}") = "P06.GenericCountMethodDouble", "P06.GenericCountMethodDouble\P06.GenericCountMethodDouble.csproj", "{66CFAC45-A4F2-4097-BB7E-488D2B740488}"
EndProject
Project("{9A19103F-16F7-4668-BE54-9A1E7A4F7556}") = "P07.Tuple", "P07.Tuple\P07.Tuple.csproj", "{E1216D29-CE0F-413C-97F6-003F75B0DA79}"
EndProject
Project("{9A19103F-16F7-4668-BE54-9A1E7A4F7556}") = "P08.Threeuple", "P08.Threeuple\P08.Threeuple.csproj", "{77645010-DA6A-4912-A042-5CCF1C5366BB}"
EndProject
Project("{FAE04EC0-301F-11D3-BF4B-00C04F79EFBC}") = "P09.CustomLinkedList", "P09.CustomLinkedList\P09.CustomLinkedList.csproj", "{081AC906-2532-42EC-8785-635305A932C6}"
EndProject
Global
	GlobalSection(SolutionConfigurationPlatforms) = preSolution
		Debug|Any CPU = Debug|Any CPU
		Release|Any CPU = Release|Any CPU
	EndGlobalSection
	GlobalSection(ProjectConfigurationPlatforms) = postSolution
		{5D8656B1-D255-4735-BBD3-7962816093E2}.Debug|Any CPU.ActiveCfg = Debug|Any CPU
		{5D8656B1-D255-4735-BBD3-7962816093E2}.Debug|Any CPU.Build.0 = Debug|Any CPU
		{5D8656B1-D255-4735-BBD3-7962816093E2}.Release|Any CPU.ActiveCfg = Release|Any CPU
		{5D8656B1-D255-4735-BBD3-7962816093E2}.Release|Any CPU.Build.0 = Release|Any CPU
		{964E8642-F352-46F9-9497-B4072B18C3E8}.Debug|Any CPU.ActiveCfg = Debug|Any CPU
		{964E8642-F352-46F9-9497-B4072B18C3E8}.Debug|Any CPU.Build.0 = Debug|Any CPU
		{964E8642-F352-46F9-9497-B4072B18C3E8}.Release|Any CPU.ActiveCfg = Release|Any CPU
		{964E8642-F352-46F9-9497-B4072B18C3E8}.Release|Any CPU.Build.0 = Release|Any CPU
		{087690A7-4DC0-4BD4-8F9F-CB9F87436729}.Debug|Any CPU.ActiveCfg = Debug|Any CPU
		{087690A7-4DC0-4BD4-8F9F-CB9F87436729}.Debug|Any CPU.Build.0 = Debug|Any CPU
		{087690A7-4DC0-4BD4-8F9F-CB9F87436729}.Release|Any CPU.ActiveCfg = Release|Any CPU
		{087690A7-4DC0-4BD4-8F9F-CB9F87436729}.Release|Any CPU.Build.0 = Release|Any CPU
		{D06A5923-78E5-49B0-88DA-F74004155E93}.Debug|Any CPU.ActiveCfg = Debug|Any CPU
		{D06A5923-78E5-49B0-88DA-F74004155E93}.Debug|Any CPU.Build.0 = Debug|Any CPU
		{D06A5923-78E5-49B0-88DA-F74004155E93}.Release|Any CPU.ActiveCfg = Release|Any CPU
		{D06A5923-78E5-49B0-88DA-F74004155E93}.Release|Any CPU.Build.0 = Release|Any CPU
		{DBA08450-0D6F-40B4-B023-A64A729942A4}.Debug|Any CPU.ActiveCfg = Debug|Any CPU
		{DBA08450-0D6F-40B4-B023-A64A729942A4}.Debug|Any CPU.Build.0 = Debug|Any CPU
		{DBA08450-0D6F-40B4-B023-A64A729942A4}.Release|Any CPU.ActiveCfg = Release|Any CPU
		{DBA08450-0D6F-40B4-B023-A64A729942A4}.Release|Any CPU.Build.0 = Release|Any CPU
		{66CFAC45-A4F2-4097-BB7E-488D2B740488}.Debug|Any CPU.ActiveCfg = Debug|Any CPU
		{66CFAC45-A4F2-4097-BB7E-488D2B740488}.Debug|Any CPU.Build.0 = Debug|Any CPU
		{66CFAC45-A4F2-4097-BB7E-488D2B740488}.Release|Any CPU.ActiveCfg = Release|Any CPU
		{66CFAC45-A4F2-4097-BB7E-488D2B740488}.Release|Any CPU.Build.0 = Release|Any CPU
		{E1216D29-CE0F-413C-97F6-003F75B0DA79}.Debug|Any CPU.ActiveCfg = Debug|Any CPU
		{E1216D29-CE0F-413C-97F6-003F75B0DA79}.Debug|Any CPU.Build.0 = Debug|Any CPU
		{E1216D29-CE0F-413C-97F6-003F75B0DA79}.Release|Any CPU.ActiveCfg = Release|Any CPU
		{E1216D29-CE0F-413C-97F6-003F75B0DA79}.Release|Any CPU.Build.0 = Release|Any CPU
		{77645010-DA6A-4912-A042-5CCF1C5366BB}.Debug|Any CPU.ActiveCfg = Debug|Any CPU
		{77645010-DA6A-4912-A042-5CCF1C5366BB}.Debug|Any CPU.Build.0 = Debug|Any CPU
		{77645010-DA6A-4912-A042-5CCF1C5366BB}.Release|Any CPU.ActiveCfg = Release|Any CPU
		{77645010-DA6A-4912-A042-5CCF1C5366BB}.Release|Any CPU.Build.0 = Release|Any CPU
		{081AC906-2532-42EC-8785-635305A932C6}.Debug|Any CPU.ActiveCfg = Debug|Any CPU
		{081AC906-2532-42EC-8785-635305A932C6}.Debug|Any CPU.Build.0 = Debug|Any CPU
		{081AC906-2532-42EC-8785-635305A932C6}.Release|Any CPU.ActiveCfg = Release|Any CPU
		{081AC906-2532-42EC-8785-635305A932C6}.Release|Any CPU.Build.0 = Release|Any CPU
	EndGlobalSection
	GlobalSection(SolutionProperties) = preSolution
		HideSolutionNode = FALSE
	EndGlobalSection
	GlobalSection(ExtensibilityGlobals) = postSolution
		SolutionGuid = {E2C90ACD-9D74-4D22-9E11-BD2D4D3F01BF}
	EndGlobalSection
EndGlobal
