
Microsoft Visual Studio Solution File, Format Version 12.00
# Visual Studio 15
VisualStudioVersion = 15.0.28307.421
MinimumVisualStudioVersion = 10.0.40219.1
Project("{9A19103F-16F7-4668-BE54-9A1E7A4F7556}") = "P01.DefineClassPerson", "P01.DefineClassPerson\P01.DefineClassPerson.csproj", "{B4ED6C1C-456D-4D8E-AEDA-558AB3B8C5D0}"
EndProject
Project("{FAE04EC0-301F-11D3-BF4B-00C04F79EFBC}") = "P02.CreatingConstructors", "P02.CreatingConstructors\P02.CreatingConstructors.csproj", "{753AF8D1-82C1-4169-AF42-DC15C55D4CF0}"
EndProject
Project("{FAE04EC0-301F-11D3-BF4B-00C04F79EFBC}") = "P03.OldestFamilyMember", "P03.OldestFamilyMember\P03.OldestFamilyMember.csproj", "{06E00E59-D9A4-4309-8F8D-18F67A56BB8F}"
EndProject
Project("{FAE04EC0-301F-11D3-BF4B-00C04F79EFBC}") = "P04.OpinionPoll", "P04.OpinionPoll\P04.OpinionPoll.csproj", "{D95936F2-E05C-4C88-A929-A7FB3E78D311}"
EndProject
Project("{FAE04EC0-301F-11D3-BF4B-00C04F79EFBC}") = "P05.DateModifier", "P05.DateModifier\P05.DateModifier.csproj", "{3716DBA9-954F-455A-861A-2670443CA9D4}"
EndProject
Project("{FAE04EC0-301F-11D3-BF4B-00C04F79EFBC}") = "P06.SpeedRacing", "P06.SpeedRacing\P06.SpeedRacing.csproj", "{376B7D4C-9EE5-438F-B6A5-B3844734694F}"
EndProject
Project("{FAE04EC0-301F-11D3-BF4B-00C04F79EFBC}") = "P07.RawData", "P07.RawData\P07.RawData.csproj", "{226CDB96-84E7-4000-A5A9-B934127CF235}"
EndProject
Project("{FAE04EC0-301F-11D3-BF4B-00C04F79EFBC}") = "P08.CarSalesman", "P08.CarSalesman\P08.CarSalesman.csproj", "{7E545796-6AC7-4433-A064-778331FF9DB0}"
EndProject
Global
	GlobalSection(SolutionConfigurationPlatforms) = preSolution
		Debug|Any CPU = Debug|Any CPU
		Release|Any CPU = Release|Any CPU
	EndGlobalSection
	GlobalSection(ProjectConfigurationPlatforms) = postSolution
		{B4ED6C1C-456D-4D8E-AEDA-558AB3B8C5D0}.Debug|Any CPU.ActiveCfg = Debug|Any CPU
		{B4ED6C1C-456D-4D8E-AEDA-558AB3B8C5D0}.Debug|Any CPU.Build.0 = Debug|Any CPU
		{B4ED6C1C-456D-4D8E-AEDA-558AB3B8C5D0}.Release|Any CPU.ActiveCfg = Release|Any CPU
		{B4ED6C1C-456D-4D8E-AEDA-558AB3B8C5D0}.Release|Any CPU.Build.0 = Release|Any CPU
		{753AF8D1-82C1-4169-AF42-DC15C55D4CF0}.Debug|Any CPU.ActiveCfg = Debug|Any CPU
		{753AF8D1-82C1-4169-AF42-DC15C55D4CF0}.Debug|Any CPU.Build.0 = Debug|Any CPU
		{753AF8D1-82C1-4169-AF42-DC15C55D4CF0}.Release|Any CPU.ActiveCfg = Release|Any CPU
		{753AF8D1-82C1-4169-AF42-DC15C55D4CF0}.Release|Any CPU.Build.0 = Release|Any CPU
		{06E00E59-D9A4-4309-8F8D-18F67A56BB8F}.Debug|Any CPU.ActiveCfg = Debug|Any CPU
		{06E00E59-D9A4-4309-8F8D-18F67A56BB8F}.Debug|Any CPU.Build.0 = Debug|Any CPU
		{06E00E59-D9A4-4309-8F8D-18F67A56BB8F}.Release|Any CPU.ActiveCfg = Release|Any CPU
		{06E00E59-D9A4-4309-8F8D-18F67A56BB8F}.Release|Any CPU.Build.0 = Release|Any CPU
		{D95936F2-E05C-4C88-A929-A7FB3E78D311}.Debug|Any CPU.ActiveCfg = Debug|Any CPU
		{D95936F2-E05C-4C88-A929-A7FB3E78D311}.Debug|Any CPU.Build.0 = Debug|Any CPU
		{D95936F2-E05C-4C88-A929-A7FB3E78D311}.Release|Any CPU.ActiveCfg = Release|Any CPU
		{D95936F2-E05C-4C88-A929-A7FB3E78D311}.Release|Any CPU.Build.0 = Release|Any CPU
		{3716DBA9-954F-455A-861A-2670443CA9D4}.Debug|Any CPU.ActiveCfg = Debug|Any CPU
		{3716DBA9-954F-455A-861A-2670443CA9D4}.Debug|Any CPU.Build.0 = Debug|Any CPU
		{3716DBA9-954F-455A-861A-2670443CA9D4}.Release|Any CPU.ActiveCfg = Release|Any CPU
		{3716DBA9-954F-455A-861A-2670443CA9D4}.Release|Any CPU.Build.0 = Release|Any CPU
		{376B7D4C-9EE5-438F-B6A5-B3844734694F}.Debug|Any CPU.ActiveCfg = Debug|Any CPU
		{376B7D4C-9EE5-438F-B6A5-B3844734694F}.Debug|Any CPU.Build.0 = Debug|Any CPU
		{376B7D4C-9EE5-438F-B6A5-B3844734694F}.Release|Any CPU.ActiveCfg = Release|Any CPU
		{376B7D4C-9EE5-438F-B6A5-B3844734694F}.Release|Any CPU.Build.0 = Release|Any CPU
		{226CDB96-84E7-4000-A5A9-B934127CF235}.Debug|Any CPU.ActiveCfg = Debug|Any CPU
		{226CDB96-84E7-4000-A5A9-B934127CF235}.Debug|Any CPU.Build.0 = Debug|Any CPU
		{226CDB96-84E7-4000-A5A9-B934127CF235}.Release|Any CPU.ActiveCfg = Release|Any CPU
		{226CDB96-84E7-4000-A5A9-B934127CF235}.Release|Any CPU.Build.0 = Release|Any CPU
		{7E545796-6AC7-4433-A064-778331FF9DB0}.Debug|Any CPU.ActiveCfg = Debug|Any CPU
		{7E545796-6AC7-4433-A064-778331FF9DB0}.Debug|Any CPU.Build.0 = Debug|Any CPU
		{7E545796-6AC7-4433-A064-778331FF9DB0}.Release|Any CPU.ActiveCfg = Release|Any CPU
		{7E545796-6AC7-4433-A064-778331FF9DB0}.Release|Any CPU.Build.0 = Release|Any CPU
	EndGlobalSection
	GlobalSection(SolutionProperties) = preSolution
		HideSolutionNode = FALSE
	EndGlobalSection
	GlobalSection(ExtensibilityGlobals) = postSolution
		SolutionGuid = {5BCE68C4-D991-426B-8A4F-2B789E2581D0}
	EndGlobalSection
EndGlobal
