
Microsoft Visual Studio Solution File, Format Version 12.00
# Visual Studio 15
VisualStudioVersion = 15.0.28307.421
MinimumVisualStudioVersion = 10.0.40219.1
Project("{FAE04EC0-301F-11D3-BF4B-00C04F79EFBC}") = "Solutions", "Solutions\Solutions.csproj", "{4C84BF5E-9F82-488A-BE88-D628AAB77CE9}"
EndProject
Global
	GlobalSection(SolutionConfigurationPlatforms) = preSolution
		Debug|Any CPU = Debug|Any CPU
		Release|Any CPU = Release|Any CPU
	EndGlobalSection
	GlobalSection(ProjectConfigurationPlatforms) = postSolution
		{4C84BF5E-9F82-488A-BE88-D628AAB77CE9}.Debug|Any CPU.ActiveCfg = Debug|Any CPU
		{4C84BF5E-9F82-488A-BE88-D628AAB77CE9}.Debug|Any CPU.Build.0 = Debug|Any CPU
		{4C84BF5E-9F82-488A-BE88-D628AAB77CE9}.Release|Any CPU.ActiveCfg = Release|Any CPU
		{4C84BF5E-9F82-488A-BE88-D628AAB77CE9}.Release|Any CPU.Build.0 = Release|Any CPU
	EndGlobalSection
	GlobalSection(SolutionProperties) = preSolution
		HideSolutionNode = FALSE
	EndGlobalSection
	GlobalSection(ExtensibilityGlobals) = postSolution
		SolutionGuid = {5BCE68C4-D991-426B-8A4F-2B789E2581D0}
	EndGlobalSection
EndGlobal
