
Microsoft Visual Studio Solution File, Format Version 12.00
# Visual Studio 15
VisualStudioVersion = 15.0.28307.421
MinimumVisualStudioVersion = 10.0.40219.1
Project("{FAE04EC0-301F-11D3-BF4B-00C04F79EFBC}") = "P01.ActionPrint", "P01.ActionPrint\P01.ActionPrint.csproj", "{8E5769F0-3D20-4E36-95EA-986716159F38}"
EndProject
Project("{FAE04EC0-301F-11D3-BF4B-00C04F79EFBC}") = "P02.KnightsOfHonor", "P02.KnightsOfHonor\P02.KnightsOfHonor.csproj", "{84411AE3-24A3-4FD5-8888-D6DC41FE81E6}"
EndProject
Global
	GlobalSection(SolutionConfigurationPlatforms) = preSolution
		Debug|Any CPU = Debug|Any CPU
		Release|Any CPU = Release|Any CPU
	EndGlobalSection
	GlobalSection(ProjectConfigurationPlatforms) = postSolution
		{8E5769F0-3D20-4E36-95EA-986716159F38}.Debug|Any CPU.ActiveCfg = Debug|Any CPU
		{8E5769F0-3D20-4E36-95EA-986716159F38}.Debug|Any CPU.Build.0 = Debug|Any CPU
		{8E5769F0-3D20-4E36-95EA-986716159F38}.Release|Any CPU.ActiveCfg = Release|Any CPU
		{8E5769F0-3D20-4E36-95EA-986716159F38}.Release|Any CPU.Build.0 = Release|Any CPU
		{84411AE3-24A3-4FD5-8888-D6DC41FE81E6}.Debug|Any CPU.ActiveCfg = Debug|Any CPU
		{84411AE3-24A3-4FD5-8888-D6DC41FE81E6}.Debug|Any CPU.Build.0 = Debug|Any CPU
		{84411AE3-24A3-4FD5-8888-D6DC41FE81E6}.Release|Any CPU.ActiveCfg = Release|Any CPU
		{84411AE3-24A3-4FD5-8888-D6DC41FE81E6}.Release|Any CPU.Build.0 = Release|Any CPU
	EndGlobalSection
	GlobalSection(SolutionProperties) = preSolution
		HideSolutionNode = FALSE
	EndGlobalSection
	GlobalSection(ExtensibilityGlobals) = postSolution
		SolutionGuid = {5191E29A-EBC2-4811-B2D8-6AC0FA3D49BD}
	EndGlobalSection
EndGlobal
