
Microsoft Visual Studio Solution File, Format Version 12.00
# Visual Studio 15
VisualStudioVersion = 15.0.28307.421
MinimumVisualStudioVersion = 10.0.40219.1
Project("{FAE04EC0-301F-11D3-BF4B-00C04F79EFBC}") = "P01.DiagonalDifference", "P01.DiagonalDifference\P01.DiagonalDifference.csproj", "{AEC9354F-16ED-4173-9192-CBF733048A23}"
EndProject
Project("{FAE04EC0-301F-11D3-BF4B-00C04F79EFBC}") = "P02.SquaresInMatrix", "P02.SquaresInMatrix\P02.SquaresInMatrix.csproj", "{0A1338DE-76B9-448B-B871-2B23BF475FF0}"
EndProject
Project("{FAE04EC0-301F-11D3-BF4B-00C04F79EFBC}") = "P03.MaximalSum", "P03.MaximalSum\P03.MaximalSum.csproj", "{1C4EFB6A-8299-45F0-B806-1DDBB7E89F28}"
EndProject
Project("{FAE04EC0-301F-11D3-BF4B-00C04F79EFBC}") = "P04.MatrixShuffling", "P04.MatrixShuffling\P04.MatrixShuffling.csproj", "{3F899F15-499A-4EB1-97A6-FDD684A11DFC}"
EndProject
Project("{FAE04EC0-301F-11D3-BF4B-00C04F79EFBC}") = "P05.SnakeMoves", "P05.SnakeMoves\P05.SnakeMoves.csproj", "{1391CA28-E979-43D6-AF82-71B8FA41DBFE}"
EndProject
Project("{FAE04EC0-301F-11D3-BF4B-00C04F79EFBC}") = "P06.BombTheBasement", "P06.BombTheBasement\P06.BombTheBasement.csproj", "{3E018988-6B25-4E5B-A69C-79F5C4B71D95}"
EndProject
Global
	GlobalSection(SolutionConfigurationPlatforms) = preSolution
		Debug|Any CPU = Debug|Any CPU
		Release|Any CPU = Release|Any CPU
	EndGlobalSection
	GlobalSection(ProjectConfigurationPlatforms) = postSolution
		{AEC9354F-16ED-4173-9192-CBF733048A23}.Debug|Any CPU.ActiveCfg = Debug|Any CPU
		{AEC9354F-16ED-4173-9192-CBF733048A23}.Debug|Any CPU.Build.0 = Debug|Any CPU
		{AEC9354F-16ED-4173-9192-CBF733048A23}.Release|Any CPU.ActiveCfg = Release|Any CPU
		{AEC9354F-16ED-4173-9192-CBF733048A23}.Release|Any CPU.Build.0 = Release|Any CPU
		{0A1338DE-76B9-448B-B871-2B23BF475FF0}.Debug|Any CPU.ActiveCfg = Debug|Any CPU
		{0A1338DE-76B9-448B-B871-2B23BF475FF0}.Debug|Any CPU.Build.0 = Debug|Any CPU
		{0A1338DE-76B9-448B-B871-2B23BF475FF0}.Release|Any CPU.ActiveCfg = Release|Any CPU
		{0A1338DE-76B9-448B-B871-2B23BF475FF0}.Release|Any CPU.Build.0 = Release|Any CPU
		{1C4EFB6A-8299-45F0-B806-1DDBB7E89F28}.Debug|Any CPU.ActiveCfg = Debug|Any CPU
		{1C4EFB6A-8299-45F0-B806-1DDBB7E89F28}.Debug|Any CPU.Build.0 = Debug|Any CPU
		{1C4EFB6A-8299-45F0-B806-1DDBB7E89F28}.Release|Any CPU.ActiveCfg = Release|Any CPU
		{1C4EFB6A-8299-45F0-B806-1DDBB7E89F28}.Release|Any CPU.Build.0 = Release|Any CPU
		{3F899F15-499A-4EB1-97A6-FDD684A11DFC}.Debug|Any CPU.ActiveCfg = Debug|Any CPU
		{3F899F15-499A-4EB1-97A6-FDD684A11DFC}.Debug|Any CPU.Build.0 = Debug|Any CPU
		{3F899F15-499A-4EB1-97A6-FDD684A11DFC}.Release|Any CPU.ActiveCfg = Release|Any CPU
		{3F899F15-499A-4EB1-97A6-FDD684A11DFC}.Release|Any CPU.Build.0 = Release|Any CPU
		{1391CA28-E979-43D6-AF82-71B8FA41DBFE}.Debug|Any CPU.ActiveCfg = Debug|Any CPU
		{1391CA28-E979-43D6-AF82-71B8FA41DBFE}.Debug|Any CPU.Build.0 = Debug|Any CPU
		{1391CA28-E979-43D6-AF82-71B8FA41DBFE}.Release|Any CPU.ActiveCfg = Release|Any CPU
		{1391CA28-E979-43D6-AF82-71B8FA41DBFE}.Release|Any CPU.Build.0 = Release|Any CPU
		{3E018988-6B25-4E5B-A69C-79F5C4B71D95}.Debug|Any CPU.ActiveCfg = Debug|Any CPU
		{3E018988-6B25-4E5B-A69C-79F5C4B71D95}.Debug|Any CPU.Build.0 = Debug|Any CPU
		{3E018988-6B25-4E5B-A69C-79F5C4B71D95}.Release|Any CPU.ActiveCfg = Release|Any CPU
		{3E018988-6B25-4E5B-A69C-79F5C4B71D95}.Release|Any CPU.Build.0 = Release|Any CPU
	EndGlobalSection
	GlobalSection(SolutionProperties) = preSolution
		HideSolutionNode = FALSE
	EndGlobalSection
	GlobalSection(ExtensibilityGlobals) = postSolution
		SolutionGuid = {4C67C163-BC95-4C36-B067-F796FE08943D}
	EndGlobalSection
EndGlobal
